// !$*UTF8*$!
{
	archiveVersion = 1;
	classes = {
	};
	objectVersion = 51;
	objects = {

/* Begin PBXBuildFile section */
		0C3A815722D8D52B00F0E7DB /* AppDelegate.swift in Sources */ = {isa = PBXBuildFile; fileRef = 0C3A815622D8D52B00F0E7DB /* AppDelegate.swift */; };
		0C3A815C22D8D52B00F0E7DB /* Main.storyboard in Resources */ = {isa = PBXBuildFile; fileRef = 0C3A815A22D8D52B00F0E7DB /* Main.storyboard */; };
		0C3A815E22D8D52D00F0E7DB /* Assets.xcassets in Resources */ = {isa = PBXBuildFile; fileRef = 0C3A815D22D8D52D00F0E7DB /* Assets.xcassets */; };
		0C3A816122D8D52D00F0E7DB /* LaunchScreen.storyboard in Resources */ = {isa = PBXBuildFile; fileRef = 0C3A815F22D8D52D00F0E7DB /* LaunchScreen.storyboard */; };
		0C709EEF22D8FEB10070195B /* NoteTableViewCell.swift in Sources */ = {isa = PBXBuildFile; fileRef = 0C709EED22D8FEB10070195B /* NoteTableViewCell.swift */; };
		0C709EF022D8FEB10070195B /* NoteTableViewCell.xib in Resources */ = {isa = PBXBuildFile; fileRef = 0C709EEE22D8FEB10070195B /* NoteTableViewCell.xib */; };
		0CABFE2122D8E4A50044ACDF /* NotesViewController.swift in Sources */ = {isa = PBXBuildFile; fileRef = 0CABFE1F22D8E4A50044ACDF /* NotesViewController.swift */; };
		0CABFE2222D8E4A50044ACDF /* NotesViewController.xib in Resources */ = {isa = PBXBuildFile; fileRef = 0CABFE2022D8E4A50044ACDF /* NotesViewController.xib */; };
		0CABFE2522D8F17C0044ACDF /* AuthenticationViewController.swift in Sources */ = {isa = PBXBuildFile; fileRef = 0CABFE2322D8F17C0044ACDF /* AuthenticationViewController.swift */; };
		0CABFE2622D8F17C0044ACDF /* AuthenticationViewController.xib in Resources */ = {isa = PBXBuildFile; fileRef = 0CABFE2422D8F17C0044ACDF /* AuthenticationViewController.xib */; };
		0CF71A5222D90574004C6C7A /* AddNoteViewController.swift in Sources */ = {isa = PBXBuildFile; fileRef = 0CF71A5022D90574004C6C7A /* AddNoteViewController.swift */; };
		0CF71A5322D90574004C6C7A /* AddNoteViewController.xib in Resources */ = {isa = PBXBuildFile; fileRef = 0CF71A5122D90574004C6C7A /* AddNoteViewController.xib */; };
		0CF71A5622D93EC6004C6C7A /* Note.swift in Sources */ = {isa = PBXBuildFile; fileRef = 0CF71A5522D93EC6004C6C7A /* Note.swift */; };
		0CF71A5822D95066004C6C7A /* GoogleService-Info.plist in Resources */ = {isa = PBXBuildFile; fileRef = 0CF71A5722D95065004C6C7A /* GoogleService-Info.plist */; };
		D448AC2E3201F98466AC5FED /* Pods_Nota.framework in Frameworks */ = {isa = PBXBuildFile; fileRef = DBAFFA891B227DB32D2874D6 /* Pods_Nota.framework */; };
/* End PBXBuildFile section */

/* Begin PBXFileReference section */
		0C3A815322D8D52B00F0E7DB /* Nota.app */ = {isa = PBXFileReference; explicitFileType = wrapper.application; includeInIndex = 0; path = Nota.app; sourceTree = BUILT_PRODUCTS_DIR; };
		0C3A815622D8D52B00F0E7DB /* AppDelegate.swift */ = {isa = PBXFileReference; lastKnownFileType = sourcecode.swift; path = AppDelegate.swift; sourceTree = "<group>"; };
		0C3A815B22D8D52B00F0E7DB /* Base */ = {isa = PBXFileReference; lastKnownFileType = file.storyboard; name = Base; path = Base.lproj/Main.storyboard; sourceTree = "<group>"; };
		0C3A815D22D8D52D00F0E7DB /* Assets.xcassets */ = {isa = PBXFileReference; lastKnownFileType = folder.assetcatalog; path = Assets.xcassets; sourceTree = "<group>"; };
		0C3A816022D8D52D00F0E7DB /* Base */ = {isa = PBXFileReference; lastKnownFileType = file.storyboard; name = Base; path = Base.lproj/LaunchScreen.storyboard; sourceTree = "<group>"; };
		0C3A816222D8D52D00F0E7DB /* Info.plist */ = {isa = PBXFileReference; lastKnownFileType = text.plist.xml; path = Info.plist; sourceTree = "<group>"; };
		0C709EED22D8FEB10070195B /* NoteTableViewCell.swift */ = {isa = PBXFileReference; lastKnownFileType = sourcecode.swift; path = NoteTableViewCell.swift; sourceTree = "<group>"; };
		0C709EEE22D8FEB10070195B /* NoteTableViewCell.xib */ = {isa = PBXFileReference; lastKnownFileType = file.xib; path = NoteTableViewCell.xib; sourceTree = "<group>"; };
		0CABFE1F22D8E4A50044ACDF /* NotesViewController.swift */ = {isa = PBXFileReference; lastKnownFileType = sourcecode.swift; path = NotesViewController.swift; sourceTree = "<group>"; };
		0CABFE2022D8E4A50044ACDF /* NotesViewController.xib */ = {isa = PBXFileReference; lastKnownFileType = file.xib; path = NotesViewController.xib; sourceTree = "<group>"; };
		0CABFE2322D8F17C0044ACDF /* AuthenticationViewController.swift */ = {isa = PBXFileReference; lastKnownFileType = sourcecode.swift; path = AuthenticationViewController.swift; sourceTree = "<group>"; };
		0CABFE2422D8F17C0044ACDF /* AuthenticationViewController.xib */ = {isa = PBXFileReference; lastKnownFileType = file.xib; path = AuthenticationViewController.xib; sourceTree = "<group>"; };
		0CF71A5022D90574004C6C7A /* AddNoteViewController.swift */ = {isa = PBXFileReference; lastKnownFileType = sourcecode.swift; path = AddNoteViewController.swift; sourceTree = "<group>"; };
		0CF71A5122D90574004C6C7A /* AddNoteViewController.xib */ = {isa = PBXFileReference; lastKnownFileType = file.xib; path = AddNoteViewController.xib; sourceTree = "<group>"; };
		0CF71A5522D93EC6004C6C7A /* Note.swift */ = {isa = PBXFileReference; lastKnownFileType = sourcecode.swift; path = Note.swift; sourceTree = "<group>"; };
		0CF71A5722D95065004C6C7A /* GoogleService-Info.plist */ = {isa = PBXFileReference; fileEncoding = 4; lastKnownFileType = text.plist.xml; path = "GoogleService-Info.plist"; sourceTree = "<group>"; };
		58367A338FAD25AFFA7A0413 /* Pods-Nota.debug.xcconfig */ = {isa = PBXFileReference; includeInIndex = 1; lastKnownFileType = text.xcconfig; name = "Pods-Nota.debug.xcconfig"; path = "Target Support Files/Pods-Nota/Pods-Nota.debug.xcconfig"; sourceTree = "<group>"; };
		C0F8A65700D1F430366629C5 /* Pods-Nota.release.xcconfig */ = {isa = PBXFileReference; includeInIndex = 1; lastKnownFileType = text.xcconfig; name = "Pods-Nota.release.xcconfig"; path = "Target Support Files/Pods-Nota/Pods-Nota.release.xcconfig"; sourceTree = "<group>"; };
		DBAFFA891B227DB32D2874D6 /* Pods_Nota.framework */ = {isa = PBXFileReference; explicitFileType = wrapper.framework; includeInIndex = 0; path = Pods_Nota.framework; sourceTree = BUILT_PRODUCTS_DIR; };
/* End PBXFileReference section */

/* Begin PBXFrameworksBuildPhase section */
		0C3A815022D8D52B00F0E7DB /* Frameworks */ = {
			isa = PBXFrameworksBuildPhase;
			buildActionMask = 2147483647;
			files = (
				D448AC2E3201F98466AC5FED /* Pods_Nota.framework in Frameworks */,
			);
			runOnlyForDeploymentPostprocessing = 0;
		};
/* End PBXFrameworksBuildPhase section */

/* Begin PBXGroup section */
		0C3A814A22D8D52B00F0E7DB = {
			isa = PBXGroup;
			children = (
				0C3A815522D8D52B00F0E7DB /* Nota */,
				0C3A815422D8D52B00F0E7DB /* Products */,
				1C48E83E4C10CD6F7C50403C /* Pods */,
				AA40C5E57F3BCB5BDFCBB500 /* Frameworks */,
			);
			sourceTree = "<group>";
		};
		0C3A815422D8D52B00F0E7DB /* Products */ = {
			isa = PBXGroup;
			children = (
				0C3A815322D8D52B00F0E7DB /* Nota.app */,
			);
			name = Products;
			sourceTree = "<group>";
		};
		0C3A815522D8D52B00F0E7DB /* Nota */ = {
			isa = PBXGroup;
			children = (
				0CF71A5722D95065004C6C7A /* GoogleService-Info.plist */,
				0CF71A5422D93EB6004C6C7A /* Model */,
				0CABFE1E22D8E4710044ACDF /* Scenes */,
				0C3A815622D8D52B00F0E7DB /* AppDelegate.swift */,
				0C3A815A22D8D52B00F0E7DB /* Main.storyboard */,
				0C3A815D22D8D52D00F0E7DB /* Assets.xcassets */,
				0C3A815F22D8D52D00F0E7DB /* LaunchScreen.storyboard */,
				0C3A816222D8D52D00F0E7DB /* Info.plist */,
			);
			path = Nota;
			sourceTree = "<group>";
		};
		0C709EEB22D8FE8C0070195B /* Notes */ = {
			isa = PBXGroup;
			children = (
				0C709EEC22D8FE970070195B /* Cells */,
				0CABFE1F22D8E4A50044ACDF /* NotesViewController.swift */,
				0CABFE2022D8E4A50044ACDF /* NotesViewController.xib */,
			);
			path = Notes;
			sourceTree = "<group>";
		};
		0C709EEC22D8FE970070195B /* Cells */ = {
			isa = PBXGroup;
			children = (
				0C709EED22D8FEB10070195B /* NoteTableViewCell.swift */,
				0C709EEE22D8FEB10070195B /* NoteTableViewCell.xib */,
			);
			path = Cells;
			sourceTree = "<group>";
		};
		0CABFE1E22D8E4710044ACDF /* Scenes */ = {
			isa = PBXGroup;
			children = (
				0CF71A4E22D904C0004C6C7A /* Authentication */,
				0C709EEB22D8FE8C0070195B /* Notes */,
				0CF71A4F22D9052E004C6C7A /* Add Note */,
			);
			path = Scenes;
			sourceTree = "<group>";
		};
		0CF71A4E22D904C0004C6C7A /* Authentication */ = {
			isa = PBXGroup;
			children = (
				0CABFE2322D8F17C0044ACDF /* AuthenticationViewController.swift */,
				0CABFE2422D8F17C0044ACDF /* AuthenticationViewController.xib */,
			);
			path = Authentication;
			sourceTree = "<group>";
		};
		0CF71A4F22D9052E004C6C7A /* Add Note */ = {
			isa = PBXGroup;
			children = (
				0CF71A5022D90574004C6C7A /* AddNoteViewController.swift */,
				0CF71A5122D90574004C6C7A /* AddNoteViewController.xib */,
			);
			path = "Add Note";
			sourceTree = "<group>";
		};
		0CF71A5422D93EB6004C6C7A /* Model */ = {
			isa = PBXGroup;
			children = (
				0CF71A5522D93EC6004C6C7A /* Note.swift */,
			);
			path = Model;
			sourceTree = "<group>";
		};
		1C48E83E4C10CD6F7C50403C /* Pods */ = {
			isa = PBXGroup;
			children = (
				58367A338FAD25AFFA7A0413 /* Pods-Nota.debug.xcconfig */,
				C0F8A65700D1F430366629C5 /* Pods-Nota.release.xcconfig */,
			);
			path = Pods;
			sourceTree = "<group>";
		};
		AA40C5E57F3BCB5BDFCBB500 /* Frameworks */ = {
			isa = PBXGroup;
			children = (
				DBAFFA891B227DB32D2874D6 /* Pods_Nota.framework */,
			);
			name = Frameworks;
			sourceTree = "<group>";
		};
/* End PBXGroup section */

/* Begin PBXNativeTarget section */
		0C3A815222D8D52B00F0E7DB /* Nota */ = {
			isa = PBXNativeTarget;
			buildConfigurationList = 0C3A816522D8D52D00F0E7DB /* Build configuration list for PBXNativeTarget "Nota" */;
			buildPhases = (
				B9996C05EBB6EBBFD1E148B8 /* [CP] Check Pods Manifest.lock */,
				0C3A814F22D8D52B00F0E7DB /* Sources */,
				0C3A815022D8D52B00F0E7DB /* Frameworks */,
				0C3A815122D8D52B00F0E7DB /* Resources */,
				31A2D06BCE776C93AE6FB9CF /* [CP] Embed Pods Frameworks */,
				4142B0F3F0A64D5598DB109E /* [CP] Copy Pods Resources */,
			);
			buildRules = (
			);
			dependencies = (
			);
			name = Nota;
			productName = Nota;
			productReference = 0C3A815322D8D52B00F0E7DB /* Nota.app */;
			productType = "com.apple.product-type.application";
		};
/* End PBXNativeTarget section */

/* Begin PBXProject section */
		0C3A814B22D8D52B00F0E7DB /* Project object */ = {
			isa = PBXProject;
			attributes = {
				LastSwiftUpdateCheck = 1020;
				LastUpgradeCheck = 1020;
				ORGANIZATIONNAME = Robusta;
				TargetAttributes = {
					0C3A815222D8D52B00F0E7DB = {
						CreatedOnToolsVersion = 10.2.1;
					};
				};
			};
			buildConfigurationList = 0C3A814E22D8D52B00F0E7DB /* Build configuration list for PBXProject "Nota" */;
			compatibilityVersion = "Xcode 9.3";
			developmentRegion = en;
			hasScannedForEncodings = 0;
			knownRegions = (
				en,
				Base,
			);
			mainGroup = 0C3A814A22D8D52B00F0E7DB;
			productRefGroup = 0C3A815422D8D52B00F0E7DB /* Products */;
			projectDirPath = "";
			projectRoot = "";
			targets = (
				0C3A815222D8D52B00F0E7DB /* Nota */,
			);
		};
/* End PBXProject section */

/* Begin PBXResourcesBuildPhase section */
		0C3A815122D8D52B00F0E7DB /* Resources */ = {
			isa = PBXResourcesBuildPhase;
			buildActionMask = 2147483647;
			files = (
				0CF71A5322D90574004C6C7A /* AddNoteViewController.xib in Resources */,
				0CF71A5822D95066004C6C7A /* GoogleService-Info.plist in Resources */,
				0C709EF022D8FEB10070195B /* NoteTableViewCell.xib in Resources */,
				0CABFE2622D8F17C0044ACDF /* AuthenticationViewController.xib in Resources */,
				0C3A816122D8D52D00F0E7DB /* LaunchScreen.storyboard in Resources */,
				0C3A815E22D8D52D00F0E7DB /* Assets.xcassets in Resources */,
				0C3A815C22D8D52B00F0E7DB /* Main.storyboard in Resources */,
				0CABFE2222D8E4A50044ACDF /* NotesViewController.xib in Resources */,
			);
			runOnlyForDeploymentPostprocessing = 0;
		};
/* End PBXResourcesBuildPhase section */

/* Begin PBXShellScriptBuildPhase section */
		31A2D06BCE776C93AE6FB9CF /* [CP] Embed Pods Frameworks */ = {
			isa = PBXShellScriptBuildPhase;
			buildActionMask = 2147483647;
			files = (
			);
			inputFileListPaths = (
				"${PODS_ROOT}/Target Support Files/Pods-Nota/Pods-Nota-frameworks-${CONFIGURATION}-input-files.xcfilelist",
			);
			name = "[CP] Embed Pods Frameworks";
			outputFileListPaths = (
				"${PODS_ROOT}/Target Support Files/Pods-Nota/Pods-Nota-frameworks-${CONFIGURATION}-output-files.xcfilelist",
			);
			runOnlyForDeploymentPostprocessing = 0;
			shellPath = /bin/sh;
			shellScript = "\"${PODS_ROOT}/Target Support Files/Pods-Nota/Pods-Nota-frameworks.sh\"\n";
			showEnvVarsInLog = 0;
		};
		4142B0F3F0A64D5598DB109E /* [CP] Copy Pods Resources */ = {
			isa = PBXShellScriptBuildPhase;
			buildActionMask = 2147483647;
			files = (
			);
			inputFileListPaths = (
				"${PODS_ROOT}/Target Support Files/Pods-Nota/Pods-Nota-resources-${CONFIGURATION}-input-files.xcfilelist",
			);
			name = "[CP] Copy Pods Resources";
			outputFileListPaths = (
				"${PODS_ROOT}/Target Support Files/Pods-Nota/Pods-Nota-resources-${CONFIGURATION}-output-files.xcfilelist",
			);
			runOnlyForDeploymentPostprocessing = 0;
			shellPath = /bin/sh;
			shellScript = "\"${PODS_ROOT}/Target Support Files/Pods-Nota/Pods-Nota-resources.sh\"\n";
			showEnvVarsInLog = 0;
		};
		B9996C05EBB6EBBFD1E148B8 /* [CP] Check Pods Manifest.lock */ = {
			isa = PBXShellScriptBuildPhase;
			buildActionMask = 2147483647;
			files = (
			);
			inputFileListPaths = (
			);
			inputPaths = (
				"${PODS_PODFILE_DIR_PATH}/Podfile.lock",
				"${PODS_ROOT}/Manifest.lock",
			);
			name = "[CP] Check Pods Manifest.lock";
			outputFileListPaths = (
			);
			outputPaths = (
				"$(DERIVED_FILE_DIR)/Pods-Nota-checkManifestLockResult.txt",
			);
			runOnlyForDeploymentPostprocessing = 0;
			shellPath = /bin/sh;
			shellScript = "diff \"${PODS_PODFILE_DIR_PATH}/Podfile.lock\" \"${PODS_ROOT}/Manifest.lock\" > /dev/null\nif [ $? != 0 ] ; then\n    # print error to STDERR\n    echo \"error: The sandbox is not in sync with the Podfile.lock. Run 'pod install' or update your CocoaPods installation.\" >&2\n    exit 1\nfi\n# This output is used by Xcode 'outputs' to avoid re-running this script phase.\necho \"SUCCESS\" > \"${SCRIPT_OUTPUT_FILE_0}\"\n";
			showEnvVarsInLog = 0;
		};
/* End PBXShellScriptBuildPhase section */

/* Begin PBXSourcesBuildPhase section */
		0C3A814F22D8D52B00F0E7DB /* Sources */ = {
			isa = PBXSourcesBuildPhase;
			buildActionMask = 2147483647;
			files = (
				0CABFE2122D8E4A50044ACDF /* NotesViewController.swift in Sources */,
				0CABFE2522D8F17C0044ACDF /* AuthenticationViewController.swift in Sources */,
				0C3A815722D8D52B00F0E7DB /* AppDelegate.swift in Sources */,
				0CF71A5222D90574004C6C7A /* AddNoteViewController.swift in Sources */,
				0C709EEF22D8FEB10070195B /* NoteTableViewCell.swift in Sources */,
				0CF71A5622D93EC6004C6C7A /* Note.swift in Sources */,
			);
			runOnlyForDeploymentPostprocessing = 0;
		};
/* End PBXSourcesBuildPhase section */

/* Begin PBXVariantGroup section */
		0C3A815A22D8D52B00F0E7DB /* Main.storyboard */ = {
			isa = PBXVariantGroup;
			children = (
				0C3A815B22D8D52B00F0E7DB /* Base */,
			);
			name = Main.storyboard;
			sourceTree = "<group>";
		};
		0C3A815F22D8D52D00F0E7DB /* LaunchScreen.storyboard */ = {
			isa = PBXVariantGroup;
			children = (
				0C3A816022D8D52D00F0E7DB /* Base */,
			);
			name = LaunchScreen.storyboard;
			sourceTree = "<group>";
		};
/* End PBXVariantGroup section */

/* Begin XCBuildConfiguration section */
		0C3A816322D8D52D00F0E7DB /* Debug */ = {
			isa = XCBuildConfiguration;
			buildSettings = {
				ALWAYS_SEARCH_USER_PATHS = NO;
				CLANG_ANALYZER_NONNULL = YES;
				CLANG_ANALYZER_NUMBER_OBJECT_CONVERSION = YES_AGGRESSIVE;
				CLANG_CXX_LANGUAGE_STANDARD = "gnu++14";
				CLANG_CXX_LIBRARY = "libc++";
				CLANG_ENABLE_MODULES = YES;
				CLANG_ENABLE_OBJC_ARC = YES;
				CLANG_ENABLE_OBJC_WEAK = YES;
				CLANG_WARN_BLOCK_CAPTURE_AUTORELEASING = YES;
				CLANG_WARN_BOOL_CONVERSION = YES;
				CLANG_WARN_COMMA = YES;
				CLANG_WARN_CONSTANT_CONVERSION = YES;
				CLANG_WARN_DEPRECATED_OBJC_IMPLEMENTATIONS = YES;
				CLANG_WARN_DIRECT_OBJC_ISA_USAGE = YES_ERROR;
				CLANG_WARN_DOCUMENTATION_COMMENTS = YES;
				CLANG_WARN_EMPTY_BODY = YES;
				CLANG_WARN_ENUM_CONVERSION = YES;
				CLANG_WARN_INFINITE_RECURSION = YES;
				CLANG_WARN_INT_CONVERSION = YES;
				CLANG_WARN_NON_LITERAL_NULL_CONVERSION = YES;
				CLANG_WARN_OBJC_IMPLICIT_RETAIN_SELF = YES;
				CLANG_WARN_OBJC_LITERAL_CONVERSION = YES;
				CLANG_WARN_OBJC_ROOT_CLASS = YES_ERROR;
				CLANG_WARN_RANGE_LOOP_ANALYSIS = YES;
				CLANG_WARN_STRICT_PROTOTYPES = YES;
				CLANG_WARN_SUSPICIOUS_MOVE = YES;
				CLANG_WARN_UNGUARDED_AVAILABILITY = YES_AGGRESSIVE;
				CLANG_WARN_UNREACHABLE_CODE = YES;
				CLANG_WARN__DUPLICATE_METHOD_MATCH = YES;
				CODE_SIGN_IDENTITY = "iPhone Developer";
				COPY_PHASE_STRIP = NO;
				DEBUG_INFORMATION_FORMAT = dwarf;
				ENABLE_STRICT_OBJC_MSGSEND = YES;
				ENABLE_TESTABILITY = YES;
				GCC_C_LANGUAGE_STANDARD = gnu11;
				GCC_DYNAMIC_NO_PIC = NO;
				GCC_NO_COMMON_BLOCKS = YES;
				GCC_OPTIMIZATION_LEVEL = 0;
				GCC_PREPROCESSOR_DEFINITIONS = (
					"DEBUG=1",
					"$(inherited)",
				);
				GCC_WARN_64_TO_32_BIT_CONVERSION = YES;
				GCC_WARN_ABOUT_RETURN_TYPE = YES_ERROR;
				GCC_WARN_UNDECLARED_SELECTOR = YES;
				GCC_WARN_UNINITIALIZED_AUTOS = YES_AGGRESSIVE;
				GCC_WARN_UNUSED_FUNCTION = YES;
				GCC_WARN_UNUSED_VARIABLE = YES;
				IPHONEOS_DEPLOYMENT_TARGET = 12.2;
				MTL_ENABLE_DEBUG_INFO = INCLUDE_SOURCE;
				MTL_FAST_MATH = YES;
				ONLY_ACTIVE_ARCH = YES;
				SDKROOT = iphoneos;
				SWIFT_ACTIVE_COMPILATION_CONDITIONS = DEBUG;
				SWIFT_OPTIMIZATION_LEVEL = "-Onone";
			};
			name = Debug;
		};
		0C3A816422D8D52D00F0E7DB /* Release */ = {
			isa = XCBuildConfiguration;
			buildSettings = {
				ALWAYS_SEARCH_USER_PATHS = NO;
				CLANG_ANALYZER_NONNULL = YES;
				CLANG_ANALYZER_NUMBER_OBJECT_CONVERSION = YES_AGGRESSIVE;
				CLANG_CXX_LANGUAGE_STANDARD = "gnu++14";
				CLANG_CXX_LIBRARY = "libc++";
				CLANG_ENABLE_MODULES = YES;
				CLANG_ENABLE_OBJC_ARC = YES;
				CLANG_ENABLE_OBJC_WEAK = YES;
				CLANG_WARN_BLOCK_CAPTURE_AUTORELEASING = YES;
				CLANG_WARN_BOOL_CONVERSION = YES;
				CLANG_WARN_COMMA = YES;
				CLANG_WARN_CONSTANT_CONVERSION = YES;
				CLANG_WARN_DEPRECATED_OBJC_IMPLEMENTATIONS = YES;
				CLANG_WARN_DIRECT_OBJC_ISA_USAGE = YES_ERROR;
				CLANG_WARN_DOCUMENTATION_COMMENTS = YES;
				CLANG_WARN_EMPTY_BODY = YES;
				CLANG_WARN_ENUM_CONVERSION = YES;
				CLANG_WARN_INFINITE_RECURSION = YES;
				CLANG_WARN_INT_CONVERSION = YES;
				CLANG_WARN_NON_LITERAL_NULL_CONVERSION = YES;
				CLANG_WARN_OBJC_IMPLICIT_RETAIN_SELF = YES;
				CLANG_WARN_OBJC_LITERAL_CONVERSION = YES;
				CLANG_WARN_OBJC_ROOT_CLASS = YES_ERROR;
				CLANG_WARN_RANGE_LOOP_ANALYSIS = YES;
				CLANG_WARN_STRICT_PROTOTYPES = YES;
				CLANG_WARN_SUSPICIOUS_MOVE = YES;
				CLANG_WARN_UNGUARDED_AVAILABILITY = YES_AGGRESSIVE;
				CLANG_WARN_UNREACHABLE_CODE = YES;
				CLANG_WARN__DUPLICATE_METHOD_MATCH = YES;
				CODE_SIGN_IDENTITY = "iPhone Developer";
				COPY_PHASE_STRIP = NO;
				DEBUG_INFORMATION_FORMAT = "dwarf-with-dsym";
				ENABLE_NS_ASSERTIONS = NO;
				ENABLE_STRICT_OBJC_MSGSEND = YES;
				GCC_C_LANGUAGE_STANDARD = gnu11;
				GCC_NO_COMMON_BLOCKS = YES;
				GCC_WARN_64_TO_32_BIT_CONVERSION = YES;
				GCC_WARN_ABOUT_RETURN_TYPE = YES_ERROR;
				GCC_WARN_UNDECLARED_SELECTOR = YES;
				GCC_WARN_UNINITIALIZED_AUTOS = YES_AGGRESSIVE;
				GCC_WARN_UNUSED_FUNCTION = YES;
				GCC_WARN_UNUSED_VARIABLE = YES;
				IPHONEOS_DEPLOYMENT_TARGET = 12.2;
				MTL_ENABLE_DEBUG_INFO = NO;
				MTL_FAST_MATH = YES;
				SDKROOT = iphoneos;
				SWIFT_COMPILATION_MODE = wholemodule;
				SWIFT_OPTIMIZATION_LEVEL = "-O";
				VALIDATE_PRODUCT = YES;
			};
			name = Release;
		};
		0C3A816622D8D52D00F0E7DB /* Debug */ = {
			isa = XCBuildConfiguration;
			baseConfigurationReference = 58367A338FAD25AFFA7A0413 /* Pods-Nota.debug.xcconfig */;
			buildSettings = {
				ASSETCATALOG_COMPILER_APPICON_NAME = AppIcon;
				CODE_SIGN_STYLE = Automatic;
				DEVELOPMENT_TEAM = KNTNZC5RBJ;
				INFOPLIST_FILE = Nota/Info.plist;
				IPHONEOS_DEPLOYMENT_TARGET = 12.0;
				LD_RUNPATH_SEARCH_PATHS = (
					"$(inherited)",
					"@executable_path/Frameworks",
				);
				PRODUCT_BUNDLE_IDENTIFIER = robusta.Nota;
				PRODUCT_NAME = "$(TARGET_NAME)";
				SWIFT_VERSION = 5.0;
				TARGETED_DEVICE_FAMILY = "1,2";
			};
			name = Debug;
		};
		0C3A816722D8D52D00F0E7DB /* Release */ = {
			isa = XCBuildConfiguration;
			baseConfigurationReference = C0F8A65700D1F430366629C5 /* Pods-Nota.release.xcconfig */;
			buildSettings = {
				ASSETCATALOG_COMPILER_APPICON_NAME = AppIcon;
				CODE_SIGN_STYLE = Automatic;
				DEVELOPMENT_TEAM = KNTNZC5RBJ;
				INFOPLIST_FILE = Nota/Info.plist;
				IPHONEOS_DEPLOYMENT_TARGET = 12.0;
				LD_RUNPATH_SEARCH_PATHS = (
					"$(inherited)",
					"@executable_path/Frameworks",
				);
				PRODUCT_BUNDLE_IDENTIFIER = robusta.Nota;
				PRODUCT_NAME = "$(TARGET_NAME)";
				SWIFT_VERSION = 5.0;
				TARGETED_DEVICE_FAMILY = "1,2";
			};
			name = Release;
		};
/* End XCBuildConfiguration section */

/* Begin XCConfigurationList section */
		0C3A814E22D8D52B00F0E7DB /* Build configuration list for PBXProject "Nota" */ = {
			isa = XCConfigurationList;
			buildConfigurations = (
				0C3A816322D8D52D00F0E7DB /* Debug */,
				0C3A816422D8D52D00F0E7DB /* Release */,
			);
			defaultConfigurationIsVisible = 0;
			defaultConfigurationName = Release;
		};
		0C3A816522D8D52D00F0E7DB /* Build configuration list for PBXNativeTarget "Nota" */ = {
			isa = XCConfigurationList;
			buildConfigurations = (
				0C3A816622D8D52D00F0E7DB /* Debug */,
				0C3A816722D8D52D00F0E7DB /* Release */,
			);
			defaultConfigurationIsVisible = 0;
			defaultConfigurationName = Release;
		};
/* End XCConfigurationList section */
	};
	rootObject = 0C3A814B22D8D52B00F0E7DB /* Project object */;
}
